<?xml version="1.0" encoding="utf-8"?>
<Project ToolsVersion="4.0" xmlns="http://schemas.microsoft.com/developer/msbuild/2003">
  <ItemGroup>
    <Filter Include="Source Files">
      <UniqueIdentifier>{4FC737F1-C7A5-4376-A066-2A32D752A2FF}</UniqueIdentifier>
      <Extensions>cpp;c;cc;cxx;def;odl;idl;hpj;bat;asm;asmx</Extensions>
    </Filter>
    <Filter Include="Header Files">
      <UniqueIdentifier>{93995380-89BD-4b04-88EB-625FBE52EBFB}</UniqueIdentifier>
      <Extensions>h;hpp;hxx;hm;inl;inc;xsd</Extensions>
    </Filter>
    <Filter Include="Resource Files">
      <UniqueIdentifier>{67DA6AB6-F800-4c08-8B7A-83BB121AAD01}</UniqueIdentifier>
      <Extensions>rc;ico;cur;bmp;dlg;rc2;rct;bin;rgs;gif;jpg;jpeg;jpe;resx;tiff;tif;png;wav</Extensions>
    </Filter>
  </ItemGroup>
  <ItemGroup>
    <ClCompile Include="cmds.cpp">
      <Filter>Source Files</Filter>
    </ClCompile>
    <ClCompile Include="HaloLib.cpp">
      <Filter>Source Files</Filter>
    </ClCompile>
    <ClCompile Include="HDCThread.cpp">
      <Filter>Source Files</Filter>
    </ClCompile>
    <ClCompile Include="KeyLib.cpp">
      <Filter>Source Files</Filter>
    </ClCompile>
    <ClCompile Include="RWMemory.cpp">
      <Filter>Source Files</Filter>
    </ClCompile>
    <ClCompile Include="tele_loc_resources.cpp">
      <Filter>Source Files</Filter>
    </ClCompile>
    <ClCompile Include="WinAbout.cpp">
      <Filter>Source Files</Filter>
    </ClCompile>
    <ClCompile Include="WinChangeKey.cpp">
      <Filter>Source Files</Filter>
    </ClCompile>
    <ClCompile Include="WinCMDS.cpp">
      <Filter>Source Files</Filter>
    </ClCompile>
    <ClCompile Include="WinMain.cpp">
      <Filter>Source Files</Filter>
    </ClCompile>
    <ClCompile Include="WinTeleLoc.cpp">
      <Filter>Source Files</Filter>
    </ClCompile>
  </ItemGroup>
  <ItemGroup>
    <ClInclude Include="cmds.h">
      <Filter>Header Files</Filter>
    </ClInclude>
    <ClInclude Include="HaloLib.h">
      <Filter>Header Files</Filter>
    </ClInclude>
    <ClInclude Include="KeyLib.h">
      <Filter>Header Files</Filter>
    </ClInclude>
    <ClInclude Include="Resource.h">
      <Filter>Header Files</Filter>
    </ClInclude>
    <ClInclude Include="RWMemory.h">
      <Filter>Header Files</Filter>
    </ClInclude>
    <ClInclude Include="tele_loc_resources.h">
      <Filter>Header Files</Filter>
    </ClInclude>
    <ClInclude Include="WinMain.h">
      <Filter>Header Files</Filter>
    </ClInclude>
  </ItemGroup>
  <ItemGroup>
    <Image Include="green-eye.bmp">
      <Filter>Resource Files</Filter>
    </Image>
    <Image Include="hdc_rpg_logo_bg.bmp">
      <Filter>Resource Files</Filter>
    </Image>
    <Image Include="Symbol 2+4 trans.ico">
      <Filter>Resource Files</Filter>
    </Image>
  </ItemGroup>
  <ItemGroup>
    <ResourceCompile Include="WinDialog.rc">
      <Filter>Resource Files</Filter>
    </ResourceCompile>
  </ItemGroup>
</Project>